
Microsoft Visual Studio Solution File, Format Version 12.00
# Visual Studio Version 17
VisualStudioVersion = 17.0.31903.59
MinimumVisualStudioVersion = 10.0.40219.1
Project("{2150E333-8FDC-42A3-9474-1A3956D46DE8}") = "Modules", "Modules", "{C6B58978-1EC6-407E-A17E-D3BADD4566C6}"
EndProject
Project("{2150E333-8FDC-42A3-9474-1A3956D46DE8}") = "WorkItems", "WorkItems", "{1FEBE8DC-2897-49DC-8302-738EC66F598C}"
EndProject
Project("{FAE04EC0-301F-11D3-BF4B-00C04F79EFBC}") = "yatt.WorkItems.Api", "Modules\WorkItems\yatt.WorkItems.Api\yatt.WorkItems.Api.csproj", "{49A97806-79EA-4B19-9EA7-87E286751F1F}"
EndProject
Project("{FAE04EC0-301F-11D3-BF4B-00C04F79EFBC}") = "yatt.WorkItems.Domain", "Modules\WorkItems\yatt.WorkItems.Domain\yatt.WorkItems.Domain.csproj", "{CFFD0B44-0417-4189-9594-9A866B39BFE2}"
EndProject
Global
	GlobalSection(SolutionConfigurationPlatforms) = preSolution
		Debug|Any CPU = Debug|Any CPU
		Release|Any CPU = Release|Any CPU
	EndGlobalSection
	GlobalSection(SolutionProperties) = preSolution
		HideSolutionNode = FALSE
	EndGlobalSection
	GlobalSection(ProjectConfigurationPlatforms) = postSolution
		{49A97806-79EA-4B19-9EA7-87E286751F1F}.Debug|Any CPU.ActiveCfg = Debug|Any CPU
		{49A97806-79EA-4B19-9EA7-87E286751F1F}.Debug|Any CPU.Build.0 = Debug|Any CPU
		{49A97806-79EA-4B19-9EA7-87E286751F1F}.Release|Any CPU.ActiveCfg = Release|Any CPU
		{49A97806-79EA-4B19-9EA7-87E286751F1F}.Release|Any CPU.Build.0 = Release|Any CPU
		{CFFD0B44-0417-4189-9594-9A866B39BFE2}.Debug|Any CPU.ActiveCfg = Debug|Any CPU
		{CFFD0B44-0417-4189-9594-9A866B39BFE2}.Debug|Any CPU.Build.0 = Debug|Any CPU
		{CFFD0B44-0417-4189-9594-9A866B39BFE2}.Release|Any CPU.ActiveCfg = Release|Any CPU
		{CFFD0B44-0417-4189-9594-9A866B39BFE2}.Release|Any CPU.Build.0 = Release|Any CPU
	EndGlobalSection
	GlobalSection(NestedProjects) = preSolution
		{1FEBE8DC-2897-49DC-8302-738EC66F598C} = {C6B58978-1EC6-407E-A17E-D3BADD4566C6}
		{49A97806-79EA-4B19-9EA7-87E286751F1F} = {1FEBE8DC-2897-49DC-8302-738EC66F598C}
		{CFFD0B44-0417-4189-9594-9A866B39BFE2} = {1FEBE8DC-2897-49DC-8302-738EC66F598C}
	EndGlobalSection
EndGlobal
